{
  "nodes": {
    "dotfiles": {
      "flake": false,
      "locked": {
        "lastModified": 1629282060,
        "narHash": "sha256-6gMGoS6jP86FMWmUcKaOdBFwz87FTtttecZzS6x2nHE=",
        "owner": "7h3730B",
        "repo": ".dotfiles",
        "rev": "e0d1ce335f660471d740a8ad4905a8e777e354eb",
        "type": "github"
      },
      "original": {
        "owner": "7h3730B",
        "ref": "master",
        "repo": ".dotfiles",
        "type": "github"
      }
    },
    "home": {
      "inputs": {
        "nixpkgs": "nixpkgs"
      },
      "locked": {
        "lastModified": 1649130493,
        "narHash": "sha256-tp2UxeS1A5ESb+I/rh4GoD0DH7edOGdc2fsP6D8o27Y=",
        "owner": "nix-community",
        "repo": "home-manager",
        "rev": "07b941f0c45ac4af6732d96f4cb6142824eee3df",
        "type": "github"
      },
      "original": {
        "owner": "nix-community",
        "repo": "home-manager",
        "type": "github"
      }
    },
    "nixos": {
      "locked": {
        "lastModified": 1649012074,
        "narHash": "sha256-vQUROcJ3FfT3GTB/nJrXwVvjuq8WfK0ImN+RUgDVN1c=",
        "owner": "NixOS",
        "repo": "nixpkgs",
        "rev": "bc4b9eef3ce3d5a90d8693e8367c9cbfc9fc1e13",
        "type": "github"
      },
      "original": {
        "owner": "NixOS",
        "ref": "nixos-unstable",
        "repo": "nixpkgs",
        "type": "github"
      }
    },
    "nixpkgs": {
      "locked": {
        "lastModified": 1648219316,
        "narHash": "sha256-Ctij+dOi0ZZIfX5eMhgwugfvB+WZSrvVNAyAuANOsnQ=",
        "owner": "NixOS",
        "repo": "nixpkgs",
        "rev": "30d3d79b7d3607d56546dd2a6b49e156ba0ec634",
        "type": "github"
      },
      "original": {
        "id": "nixpkgs",
        "type": "indirect"
      }
    },
    "root": {
      "inputs": {
        "dotfiles": "dotfiles",
        "home": "home",
        "nixos": "nixos",
        "unstable": "unstable"
      }
    },
    "unstable": {
      "locked": {
        "lastModified": 1649162270,
        "narHash": "sha256-aRRoC4bNqppgkZ9n479RpiugD3pee4U0FjfxvhrLkb4=",
        "owner": "NixOS",
        "repo": "nixpkgs",
        "rev": "1eaa0a1212092581a63ca8a705b04f4f18ee1eef",
        "type": "github"
      },
      "original": {
        "owner": "NixOS",
        "ref": "master",
        "repo": "nixpkgs",
        "type": "github"
      }
    }
  },
  "root": "root",
  "version": 7
}
