{
  "nodes": {
    "home": {
      "inputs": {
        "nixpkgs": "nixpkgs"
      },
      "locked": {
        "lastModified": 1651262513,
        "narHash": "sha256-5iW1fevaAD0Rbtbgb4I++7fyaND3oarGs3mAjyadE0Y=",
        "owner": "nix-community",
        "repo": "home-manager",
        "rev": "f8b51be7149a0735e87b232d21ae4f852619eac7",
        "type": "github"
      },
      "original": {
        "owner": "nix-community",
        "repo": "home-manager",
        "type": "github"
      }
    },
    "nixos": {
      "locked": {
        "lastModified": 1651007983,
        "narHash": "sha256-GNay7yDPtLcRcKCNHldug85AhAvBpTtPEJWSSDYBw8U=",
        "owner": "NixOS",
        "repo": "nixpkgs",
        "rev": "e10da1c7f542515b609f8dfbcf788f3d85b14936",
        "type": "github"
      },
      "original": {
        "owner": "NixOS",
        "ref": "nixos-unstable",
        "repo": "nixpkgs",
        "type": "github"
      }
    },
    "nixpkgs": {
      "locked": {
        "lastModified": 1651114127,
        "narHash": "sha256-/lLC0wkMZkAdA5e1W76SnJzbhfOGDvync3VRHJMtAKk=",
        "owner": "NixOS",
        "repo": "nixpkgs",
        "rev": "6766fb6503ae1ebebc2a9704c162b2aef351f921",
        "type": "github"
      },
      "original": {
        "id": "nixpkgs",
        "type": "indirect"
      }
    },
    "root": {
      "inputs": {
        "home": "home",
        "nixos": "nixos",
        "unstable": "unstable"
      }
    },
    "unstable": {
      "locked": {
        "lastModified": 1651326890,
        "narHash": "sha256-dAEIh0cGW52ccTlcLnw5c2bIQNf6H6v0UJj9F96F4Q0=",
        "owner": "NixOS",
        "repo": "nixpkgs",
        "rev": "d7de07547a9eaf8ccac222f30fea47f7c805ca9e",
        "type": "github"
      },
      "original": {
        "owner": "NixOS",
        "ref": "master",
        "repo": "nixpkgs",
        "type": "github"
      }
    }
  },
  "root": "root",
  "version": 7
}
