{
  "nodes": {
    "dotfiles": {
      "flake": false,
      "locked": {
        "lastModified": 1629282060,
        "narHash": "sha256-6gMGoS6jP86FMWmUcKaOdBFwz87FTtttecZzS6x2nHE=",
        "owner": "7h3730B",
        "repo": ".dotfiles",
        "rev": "e0d1ce335f660471d740a8ad4905a8e777e354eb",
        "type": "github"
      },
      "original": {
        "owner": "7h3730B",
        "ref": "master",
        "repo": ".dotfiles",
        "type": "github"
      }
    },
    "home": {
      "inputs": {
        "nixpkgs": "nixpkgs"
      },
      "locked": {
        "lastModified": 1648917498,
        "narHash": "sha256-fdyVHsP6XeyCk9FRyjV6Wv+7qiOzWxykGXdNixadvyg=",
        "owner": "nix-community",
        "repo": "home-manager",
        "rev": "cfab869fcebc56710be6ec3aca76036b25c04a0d",
        "type": "github"
      },
      "original": {
        "owner": "nix-community",
        "repo": "home-manager",
        "type": "github"
      }
    },
    "nixos": {
      "locked": {
        "lastModified": 1648632716,
        "narHash": "sha256-kCmnDeiaMsdhfnNKjxdOzwRh2H6eQb8yWAL+nNabC/Y=",
        "owner": "NixOS",
        "repo": "nixpkgs",
        "rev": "710fed5a2483f945b14f4a58af2cd3676b42d8c8",
        "type": "github"
      },
      "original": {
        "owner": "NixOS",
        "ref": "nixos-unstable",
        "repo": "nixpkgs",
        "type": "github"
      }
    },
    "nixpkgs": {
      "locked": {
        "lastModified": 1648219316,
        "narHash": "sha256-Ctij+dOi0ZZIfX5eMhgwugfvB+WZSrvVNAyAuANOsnQ=",
        "owner": "NixOS",
        "repo": "nixpkgs",
        "rev": "30d3d79b7d3607d56546dd2a6b49e156ba0ec634",
        "type": "github"
      },
      "original": {
        "id": "nixpkgs",
        "type": "indirect"
      }
    },
    "root": {
      "inputs": {
        "dotfiles": "dotfiles",
        "home": "home",
        "nixos": "nixos",
        "unstable": "unstable"
      }
    },
    "unstable": {
      "locked": {
        "lastModified": 1648933124,
        "narHash": "sha256-3idUo296M/ZTrv3KgJYlCuFcqgSaimfwZofMmpzUSUQ=",
        "owner": "NixOS",
        "repo": "nixpkgs",
        "rev": "994aab5998c6eb64bdff8b664d29e7597a339dae",
        "type": "github"
      },
      "original": {
        "owner": "NixOS",
        "ref": "master",
        "repo": "nixpkgs",
        "type": "github"
      }
    }
  },
  "root": "root",
  "version": 7
}
